
Microsoft Visual Studio Solution File, Format Version 12.00
# Visual Studio 15
VisualStudioVersion = 15.0.27703.2042
MinimumVisualStudioVersion = 10.0.40219.1
Project("{FAE04EC0-301F-11D3-BF4B-00C04F79EFBC}") = "PersonalComputer", "PersonalComputer\PersonalComputer.csproj", "{9ECF0306-42F2-4EB2-AB21-1212AAC7D0AA}"
EndProject
Global
	GlobalSection(SolutionConfigurationPlatforms) = preSolution
		Debug|Any CPU = Debug|Any CPU
		Release|Any CPU = Release|Any CPU
	EndGlobalSection
	GlobalSection(ProjectConfigurationPlatforms) = postSolution
		{9ECF0306-42F2-4EB2-AB21-1212AAC7D0AA}.Debug|Any CPU.ActiveCfg = Debug|Any CPU
		{9ECF0306-42F2-4EB2-AB21-1212AAC7D0AA}.Debug|Any CPU.Build.0 = Debug|Any CPU
		{9ECF0306-42F2-4EB2-AB21-1212AAC7D0AA}.Release|Any CPU.ActiveCfg = Release|Any CPU
		{9ECF0306-42F2-4EB2-AB21-1212AAC7D0AA}.Release|Any CPU.Build.0 = Release|Any CPU
	EndGlobalSection
	GlobalSection(SolutionProperties) = preSolution
		HideSolutionNode = FALSE
	EndGlobalSection
	GlobalSection(ExtensibilityGlobals) = postSolution
		SolutionGuid = {070AF1D8-6028-41FA-88AE-854F3A3A58DD}
	EndGlobalSection
EndGlobal
